// !$*UTF8*$!
{
	archiveVersion = 1;
	classes = {
	};
	objectVersion = 50;
	objects = {

/* Begin PBXBuildFile section */
		FF8364AE21FC681600A6D329 /* main.swift in Sources */ = {isa = PBXBuildFile; fileRef = FF8364AD21FC681600A6D329 /* main.swift */; };
		FF8776F522008ADC004F680E /* Character.swift in Sources */ = {isa = PBXBuildFile; fileRef = FF8776F422008ADC004F680E /* Character.swift */; };
		FF8776F722008AE7004F680E /* Magus.swift in Sources */ = {isa = PBXBuildFile; fileRef = FF8776F622008AE7004F680E /* Magus.swift */; };
		FF8776F922008AF2004F680E /* Colossus.swift in Sources */ = {isa = PBXBuildFile; fileRef = FF8776F822008AF2004F680E /* Colossus.swift */; };
		FF8776FB22008AFE004F680E /* Dwarf.swift in Sources */ = {isa = PBXBuildFile; fileRef = FF8776FA22008AFE004F680E /* Dwarf.swift */; };
		FF8776FD22008B0A004F680E /* Warrior.swift in Sources */ = {isa = PBXBuildFile; fileRef = FF8776FC22008B0A004F680E /* Warrior.swift */; };
		FF87770022009155004F680E /* Team.swift in Sources */ = {isa = PBXBuildFile; fileRef = FF8776FF22009155004F680E /* Team.swift */; };
		FF87770722011F95004F680E /* Game.swift in Sources */ = {isa = PBXBuildFile; fileRef = FF87770622011F95004F680E /* Game.swift */; };
		FF87770B2205B1A2004F680E /* Weapon.swift in Sources */ = {isa = PBXBuildFile; fileRef = FF87770A2205B1A2004F680E /* Weapon.swift */; };
		FF87770D2205B28D004F680E /* Sword.swift in Sources */ = {isa = PBXBuildFile; fileRef = FF87770C2205B28D004F680E /* Sword.swift */; };
		FF87770F2205B2A2004F680E /* Axe.swift in Sources */ = {isa = PBXBuildFile; fileRef = FF87770E2205B2A2004F680E /* Axe.swift */; };
		FF8777112205B2C8004F680E /* Fist.swift in Sources */ = {isa = PBXBuildFile; fileRef = FF8777102205B2C8004F680E /* Fist.swift */; };
		FF8777132205B3B3004F680E /* PhilosopherStone.swift in Sources */ = {isa = PBXBuildFile; fileRef = FF8777122205B3B3004F680E /* PhilosopherStone.swift */; };
		FF87771522088B07004F680E /* TeamFactory.swift in Sources */ = {isa = PBXBuildFile; fileRef = FF87771422088B07004F680E /* TeamFactory.swift */; };
		FFD04D4E221FF51800E2FDDA /* Merlin's Scepter.swift in Sources */ = {isa = PBXBuildFile; fileRef = FFD04D4D221FF51800E2FDDA /* Merlin's Scepter.swift */; };
		FFD04D50221FF81000E2FDDA /* HattoriHanzoKatana.swift in Sources */ = {isa = PBXBuildFile; fileRef = FFD04D4F221FF81000E2FDDA /* HattoriHanzoKatana.swift */; };
		FFD04D52221FF9DA00E2FDDA /* ThorHammer.swift in Sources */ = {isa = PBXBuildFile; fileRef = FFD04D51221FF9DA00E2FDDA /* ThorHammer.swift */; };
/* End PBXBuildFile section */

/* Begin PBXCopyFilesBuildPhase section */
		FF8364A821FC681600A6D329 /* CopyFiles */ = {
			isa = PBXCopyFilesBuildPhase;
			buildActionMask = 2147483647;
			dstPath = /usr/share/man/man1/;
			dstSubfolderSpec = 0;
			files = (
			);
			runOnlyForDeploymentPostprocessing = 1;
		};
/* End PBXCopyFilesBuildPhase section */

/* Begin PBXFileReference section */
		FF8364AA21FC681600A6D329 /* ProjetP3 */ = {isa = PBXFileReference; explicitFileType = "compiled.mach-o.executable"; includeInIndex = 0; path = ProjetP3; sourceTree = BUILT_PRODUCTS_DIR; };
		FF8364AD21FC681600A6D329 /* main.swift */ = {isa = PBXFileReference; lastKnownFileType = sourcecode.swift; path = main.swift; sourceTree = "<group>"; };
		FF8776F422008ADC004F680E /* Character.swift */ = {isa = PBXFileReference; lastKnownFileType = sourcecode.swift; path = Character.swift; sourceTree = "<group>"; };
		FF8776F622008AE7004F680E /* Magus.swift */ = {isa = PBXFileReference; lastKnownFileType = sourcecode.swift; path = Magus.swift; sourceTree = "<group>"; };
		FF8776F822008AF2004F680E /* Colossus.swift */ = {isa = PBXFileReference; lastKnownFileType = sourcecode.swift; path = Colossus.swift; sourceTree = "<group>"; };
		FF8776FA22008AFE004F680E /* Dwarf.swift */ = {isa = PBXFileReference; lastKnownFileType = sourcecode.swift; path = Dwarf.swift; sourceTree = "<group>"; };
		FF8776FC22008B0A004F680E /* Warrior.swift */ = {isa = PBXFileReference; lastKnownFileType = sourcecode.swift; path = Warrior.swift; sourceTree = "<group>"; };
		FF8776FF22009155004F680E /* Team.swift */ = {isa = PBXFileReference; lastKnownFileType = sourcecode.swift; path = Team.swift; sourceTree = "<group>"; };
		FF87770622011F95004F680E /* Game.swift */ = {isa = PBXFileReference; lastKnownFileType = sourcecode.swift; path = Game.swift; sourceTree = "<group>"; };
		FF87770A2205B1A2004F680E /* Weapon.swift */ = {isa = PBXFileReference; lastKnownFileType = sourcecode.swift; path = Weapon.swift; sourceTree = "<group>"; };
		FF87770C2205B28D004F680E /* Sword.swift */ = {isa = PBXFileReference; lastKnownFileType = sourcecode.swift; path = Sword.swift; sourceTree = "<group>"; };
		FF87770E2205B2A2004F680E /* Axe.swift */ = {isa = PBXFileReference; lastKnownFileType = sourcecode.swift; path = Axe.swift; sourceTree = "<group>"; };
		FF8777102205B2C8004F680E /* Fist.swift */ = {isa = PBXFileReference; lastKnownFileType = sourcecode.swift; path = Fist.swift; sourceTree = "<group>"; };
		FF8777122205B3B3004F680E /* PhilosopherStone.swift */ = {isa = PBXFileReference; lastKnownFileType = sourcecode.swift; path = PhilosopherStone.swift; sourceTree = "<group>"; };
		FF87771422088B07004F680E /* TeamFactory.swift */ = {isa = PBXFileReference; lastKnownFileType = sourcecode.swift; path = TeamFactory.swift; sourceTree = "<group>"; };
		FFD04D4D221FF51800E2FDDA /* Merlin's Scepter.swift */ = {isa = PBXFileReference; lastKnownFileType = sourcecode.swift; path = "Merlin's Scepter.swift"; sourceTree = "<group>"; };
		FFD04D4F221FF81000E2FDDA /* HattoriHanzoKatana.swift */ = {isa = PBXFileReference; lastKnownFileType = sourcecode.swift; path = HattoriHanzoKatana.swift; sourceTree = "<group>"; };
		FFD04D51221FF9DA00E2FDDA /* ThorHammer.swift */ = {isa = PBXFileReference; lastKnownFileType = sourcecode.swift; path = ThorHammer.swift; sourceTree = "<group>"; };
/* End PBXFileReference section */

/* Begin PBXFrameworksBuildPhase section */
		FF8364A721FC681600A6D329 /* Frameworks */ = {
			isa = PBXFrameworksBuildPhase;
			buildActionMask = 2147483647;
			files = (
			);
			runOnlyForDeploymentPostprocessing = 0;
		};
/* End PBXFrameworksBuildPhase section */

/* Begin PBXGroup section */
		FF8364A121FC681600A6D329 = {
			isa = PBXGroup;
			children = (
				FF8364AC21FC681600A6D329 /* ProjetP3 */,
				FF8364AB21FC681600A6D329 /* Products */,
			);
			sourceTree = "<group>";
		};
		FF8364AB21FC681600A6D329 /* Products */ = {
			isa = PBXGroup;
			children = (
				FF8364AA21FC681600A6D329 /* ProjetP3 */,
			);
			name = Products;
			sourceTree = "<group>";
		};
		FF8364AC21FC681600A6D329 /* ProjetP3 */ = {
			isa = PBXGroup;
			children = (
				FF8777082203062F004F680E /* Weapons */,
				FF87770922030670004F680E /* Game */,
				FF8364AD21FC681600A6D329 /* main.swift */,
				FF8776FE22009147004F680E /* Team */,
				FF8776F322008AAB004F680E /* Characters */,
			);
			path = ProjetP3;
			sourceTree = "<group>";
		};
		FF8776F322008AAB004F680E /* Characters */ = {
			isa = PBXGroup;
			children = (
				FF8776F422008ADC004F680E /* Character.swift */,
				FF8776F622008AE7004F680E /* Magus.swift */,
				FF8776F822008AF2004F680E /* Colossus.swift */,
				FF8776FA22008AFE004F680E /* Dwarf.swift */,
				FF8776FC22008B0A004F680E /* Warrior.swift */,
			);
			path = Characters;
			sourceTree = "<group>";
		};
		FF8776FE22009147004F680E /* Team */ = {
			isa = PBXGroup;
			children = (
				FF8776FF22009155004F680E /* Team.swift */,
				FF87771422088B07004F680E /* TeamFactory.swift */,
			);
			path = Team;
			sourceTree = "<group>";
		};
		FF8777082203062F004F680E /* Weapons */ = {
			isa = PBXGroup;
			children = (
				FF87770A2205B1A2004F680E /* Weapon.swift */,
				FF87770C2205B28D004F680E /* Sword.swift */,
				FF87770E2205B2A2004F680E /* Axe.swift */,
				FF8777102205B2C8004F680E /* Fist.swift */,
				FF8777122205B3B3004F680E /* PhilosopherStone.swift */,
				FFD04D4D221FF51800E2FDDA /* Merlin's Scepter.swift */,
				FFD04D4F221FF81000E2FDDA /* HattoriHanzoKatana.swift */,
				FFD04D51221FF9DA00E2FDDA /* ThorHammer.swift */,
			);
			path = Weapons;
			sourceTree = "<group>";
		};
		FF87770922030670004F680E /* Game */ = {
			isa = PBXGroup;
			children = (
				FF87770622011F95004F680E /* Game.swift */,
			);
			path = Game;
			sourceTree = "<group>";
		};
/* End PBXGroup section */

/* Begin PBXNativeTarget section */
		FF8364A921FC681600A6D329 /* ProjetP3 */ = {
			isa = PBXNativeTarget;
			buildConfigurationList = FF8364B121FC681600A6D329 /* Build configuration list for PBXNativeTarget "ProjetP3" */;
			buildPhases = (
				FF8364A621FC681600A6D329 /* Sources */,
				FF8364A721FC681600A6D329 /* Frameworks */,
				FF8364A821FC681600A6D329 /* CopyFiles */,
			);
			buildRules = (
			);
			dependencies = (
			);
			name = ProjetP3;
			productName = ProjetP3;
			productReference = FF8364AA21FC681600A6D329 /* ProjetP3 */;
			productType = "com.apple.product-type.tool";
		};
/* End PBXNativeTarget section */

/* Begin PBXProject section */
		FF8364A221FC681600A6D329 /* Project object */ = {
			isa = PBXProject;
			attributes = {
				LastSwiftUpdateCheck = 1010;
				LastUpgradeCheck = 1010;
				ORGANIZATIONNAME = "Jordan MOREAU";
				TargetAttributes = {
					FF8364A921FC681600A6D329 = {
						CreatedOnToolsVersion = 10.1;
					};
				};
			};
			buildConfigurationList = FF8364A521FC681600A6D329 /* Build configuration list for PBXProject "ProjetP3" */;
			compatibilityVersion = "Xcode 9.3";
			developmentRegion = en;
			hasScannedForEncodings = 0;
			knownRegions = (
				en,
			);
			mainGroup = FF8364A121FC681600A6D329;
			productRefGroup = FF8364AB21FC681600A6D329 /* Products */;
			projectDirPath = "";
			projectRoot = "";
			targets = (
				FF8364A921FC681600A6D329 /* ProjetP3 */,
			);
		};
/* End PBXProject section */

/* Begin PBXSourcesBuildPhase section */
		FF8364A621FC681600A6D329 /* Sources */ = {
			isa = PBXSourcesBuildPhase;
			buildActionMask = 2147483647;
			files = (
				FF8776F922008AF2004F680E /* Colossus.swift in Sources */,
				FF8364AE21FC681600A6D329 /* main.swift in Sources */,
				FFD04D4E221FF51800E2FDDA /* Merlin's Scepter.swift in Sources */,
				FF8777132205B3B3004F680E /* PhilosopherStone.swift in Sources */,
				FF8776FD22008B0A004F680E /* Warrior.swift in Sources */,
				FFD04D52221FF9DA00E2FDDA /* ThorHammer.swift in Sources */,
				FF8776FB22008AFE004F680E /* Dwarf.swift in Sources */,
				FF8776F522008ADC004F680E /* Character.swift in Sources */,
				FF87770D2205B28D004F680E /* Sword.swift in Sources */,
				FF87771522088B07004F680E /* TeamFactory.swift in Sources */,
				FF87770022009155004F680E /* Team.swift in Sources */,
				FF8777112205B2C8004F680E /* Fist.swift in Sources */,
				FF87770B2205B1A2004F680E /* Weapon.swift in Sources */,
				FF8776F722008AE7004F680E /* Magus.swift in Sources */,
				FF87770722011F95004F680E /* Game.swift in Sources */,
				FFD04D50221FF81000E2FDDA /* HattoriHanzoKatana.swift in Sources */,
				FF87770F2205B2A2004F680E /* Axe.swift in Sources */,
			);
			runOnlyForDeploymentPostprocessing = 0;
		};
/* End PBXSourcesBuildPhase section */

/* Begin XCBuildConfiguration section */
		FF8364AF21FC681600A6D329 /* Debug */ = {
			isa = XCBuildConfiguration;
			buildSettings = {
				ALWAYS_SEARCH_USER_PATHS = NO;
				CLANG_ANALYZER_NONNULL = YES;
				CLANG_ANALYZER_NUMBER_OBJECT_CONVERSION = YES_AGGRESSIVE;
				CLANG_CXX_LANGUAGE_STANDARD = "gnu++14";
				CLANG_CXX_LIBRARY = "libc++";
				CLANG_ENABLE_MODULES = YES;
				CLANG_ENABLE_OBJC_ARC = YES;
				CLANG_ENABLE_OBJC_WEAK = YES;
				CLANG_WARN_BLOCK_CAPTURE_AUTORELEASING = YES;
				CLANG_WARN_BOOL_CONVERSION = YES;
				CLANG_WARN_COMMA = YES;
				CLANG_WARN_CONSTANT_CONVERSION = YES;
				CLANG_WARN_DEPRECATED_OBJC_IMPLEMENTATIONS = YES;
				CLANG_WARN_DIRECT_OBJC_ISA_USAGE = YES_ERROR;
				CLANG_WARN_DOCUMENTATION_COMMENTS = YES;
				CLANG_WARN_EMPTY_BODY = YES;
				CLANG_WARN_ENUM_CONVERSION = YES;
				CLANG_WARN_INFINITE_RECURSION = YES;
				CLANG_WARN_INT_CONVERSION = YES;
				CLANG_WARN_NON_LITERAL_NULL_CONVERSION = YES;
				CLANG_WARN_OBJC_IMPLICIT_RETAIN_SELF = YES;
				CLANG_WARN_OBJC_LITERAL_CONVERSION = YES;
				CLANG_WARN_OBJC_ROOT_CLASS = YES_ERROR;
				CLANG_WARN_RANGE_LOOP_ANALYSIS = YES;
				CLANG_WARN_STRICT_PROTOTYPES = YES;
				CLANG_WARN_SUSPICIOUS_MOVE = YES;
				CLANG_WARN_UNGUARDED_AVAILABILITY = YES_AGGRESSIVE;
				CLANG_WARN_UNREACHABLE_CODE = YES;
				CLANG_WARN__DUPLICATE_METHOD_MATCH = YES;
				CODE_SIGN_IDENTITY = "-";
				COPY_PHASE_STRIP = NO;
				DEBUG_INFORMATION_FORMAT = dwarf;
				ENABLE_STRICT_OBJC_MSGSEND = YES;
				ENABLE_TESTABILITY = YES;
				GCC_C_LANGUAGE_STANDARD = gnu11;
				GCC_DYNAMIC_NO_PIC = NO;
				GCC_NO_COMMON_BLOCKS = YES;
				GCC_OPTIMIZATION_LEVEL = 0;
				GCC_PREPROCESSOR_DEFINITIONS = (
					"DEBUG=1",
					"$(inherited)",
				);
				GCC_WARN_64_TO_32_BIT_CONVERSION = YES;
				GCC_WARN_ABOUT_RETURN_TYPE = YES_ERROR;
				GCC_WARN_UNDECLARED_SELECTOR = YES;
				GCC_WARN_UNINITIALIZED_AUTOS = YES_AGGRESSIVE;
				GCC_WARN_UNUSED_FUNCTION = YES;
				GCC_WARN_UNUSED_VARIABLE = YES;
				MACOSX_DEPLOYMENT_TARGET = 10.14;
				MTL_ENABLE_DEBUG_INFO = INCLUDE_SOURCE;
				MTL_FAST_MATH = YES;
				ONLY_ACTIVE_ARCH = YES;
				SDKROOT = macosx;
				SWIFT_ACTIVE_COMPILATION_CONDITIONS = DEBUG;
				SWIFT_OPTIMIZATION_LEVEL = "-Onone";
			};
			name = Debug;
		};
		FF8364B021FC681600A6D329 /* Release */ = {
			isa = XCBuildConfiguration;
			buildSettings = {
				ALWAYS_SEARCH_USER_PATHS = NO;
				CLANG_ANALYZER_NONNULL = YES;
				CLANG_ANALYZER_NUMBER_OBJECT_CONVERSION = YES_AGGRESSIVE;
				CLANG_CXX_LANGUAGE_STANDARD = "gnu++14";
				CLANG_CXX_LIBRARY = "libc++";
				CLANG_ENABLE_MODULES = YES;
				CLANG_ENABLE_OBJC_ARC = YES;
				CLANG_ENABLE_OBJC_WEAK = YES;
				CLANG_WARN_BLOCK_CAPTURE_AUTORELEASING = YES;
				CLANG_WARN_BOOL_CONVERSION = YES;
				CLANG_WARN_COMMA = YES;
				CLANG_WARN_CONSTANT_CONVERSION = YES;
				CLANG_WARN_DEPRECATED_OBJC_IMPLEMENTATIONS = YES;
				CLANG_WARN_DIRECT_OBJC_ISA_USAGE = YES_ERROR;
				CLANG_WARN_DOCUMENTATION_COMMENTS = YES;
				CLANG_WARN_EMPTY_BODY = YES;
				CLANG_WARN_ENUM_CONVERSION = YES;
				CLANG_WARN_INFINITE_RECURSION = YES;
				CLANG_WARN_INT_CONVERSION = YES;
				CLANG_WARN_NON_LITERAL_NULL_CONVERSION = YES;
				CLANG_WARN_OBJC_IMPLICIT_RETAIN_SELF = YES;
				CLANG_WARN_OBJC_LITERAL_CONVERSION = YES;
				CLANG_WARN_OBJC_ROOT_CLASS = YES_ERROR;
				CLANG_WARN_RANGE_LOOP_ANALYSIS = YES;
				CLANG_WARN_STRICT_PROTOTYPES = YES;
				CLANG_WARN_SUSPICIOUS_MOVE = YES;
				CLANG_WARN_UNGUARDED_AVAILABILITY = YES_AGGRESSIVE;
				CLANG_WARN_UNREACHABLE_CODE = YES;
				CLANG_WARN__DUPLICATE_METHOD_MATCH = YES;
				CODE_SIGN_IDENTITY = "-";
				COPY_PHASE_STRIP = NO;
				DEBUG_INFORMATION_FORMAT = "dwarf-with-dsym";
				ENABLE_NS_ASSERTIONS = NO;
				ENABLE_STRICT_OBJC_MSGSEND = YES;
				GCC_C_LANGUAGE_STANDARD = gnu11;
				GCC_NO_COMMON_BLOCKS = YES;
				GCC_WARN_64_TO_32_BIT_CONVERSION = YES;
				GCC_WARN_ABOUT_RETURN_TYPE = YES_ERROR;
				GCC_WARN_UNDECLARED_SELECTOR = YES;
				GCC_WARN_UNINITIALIZED_AUTOS = YES_AGGRESSIVE;
				GCC_WARN_UNUSED_FUNCTION = YES;
				GCC_WARN_UNUSED_VARIABLE = YES;
				MACOSX_DEPLOYMENT_TARGET = 10.14;
				MTL_ENABLE_DEBUG_INFO = NO;
				MTL_FAST_MATH = YES;
				SDKROOT = macosx;
				SWIFT_COMPILATION_MODE = wholemodule;
				SWIFT_OPTIMIZATION_LEVEL = "-O";
			};
			name = Release;
		};
		FF8364B221FC681600A6D329 /* Debug */ = {
			isa = XCBuildConfiguration;
			buildSettings = {
				CODE_SIGN_STYLE = Automatic;
				PRODUCT_NAME = "$(TARGET_NAME)";
				SWIFT_VERSION = 4.2;
			};
			name = Debug;
		};
		FF8364B321FC681600A6D329 /* Release */ = {
			isa = XCBuildConfiguration;
			buildSettings = {
				CODE_SIGN_STYLE = Automatic;
				PRODUCT_NAME = "$(TARGET_NAME)";
				SWIFT_VERSION = 4.2;
			};
			name = Release;
		};
/* End XCBuildConfiguration section */

/* Begin XCConfigurationList section */
		FF8364A521FC681600A6D329 /* Build configuration list for PBXProject "ProjetP3" */ = {
			isa = XCConfigurationList;
			buildConfigurations = (
				FF8364AF21FC681600A6D329 /* Debug */,
				FF8364B021FC681600A6D329 /* Release */,
			);
			defaultConfigurationIsVisible = 0;
			defaultConfigurationName = Release;
		};
		FF8364B121FC681600A6D329 /* Build configuration list for PBXNativeTarget "ProjetP3" */ = {
			isa = XCConfigurationList;
			buildConfigurations = (
				FF8364B221FC681600A6D329 /* Debug */,
				FF8364B321FC681600A6D329 /* Release */,
			);
			defaultConfigurationIsVisible = 0;
			defaultConfigurationName = Release;
		};
/* End XCConfigurationList section */
	};
	rootObject = FF8364A221FC681600A6D329 /* Project object */;
}
